
Microsoft Visual Studio Solution File, Format Version 12.00
# Visual Studio Version 17
VisualStudioVersion = 17.6.33829.357
MinimumVisualStudioVersion = 10.0.40219.1
Project("{FAE04EC0-301F-11D3-BF4B-00C04F79EFBC}") = "Banksimulator 1", "Banksimulator 1\Banksimulator 1.csproj", "{BACD98AF-E54B-4027-9572-1771E2E71AAA}"
EndProject
Global
	GlobalSection(SolutionConfigurationPlatforms) = preSolution
		Debug|Any CPU = Debug|Any CPU
		Release|Any CPU = Release|Any CPU
	EndGlobalSection
	GlobalSection(ProjectConfigurationPlatforms) = postSolution
		{BACD98AF-E54B-4027-9572-1771E2E71AAA}.Debug|Any CPU.ActiveCfg = Debug|Any CPU
		{BACD98AF-E54B-4027-9572-1771E2E71AAA}.Debug|Any CPU.Build.0 = Debug|Any CPU
		{BACD98AF-E54B-4027-9572-1771E2E71AAA}.Release|Any CPU.ActiveCfg = Release|Any CPU
		{BACD98AF-E54B-4027-9572-1771E2E71AAA}.Release|Any CPU.Build.0 = Release|Any CPU
	EndGlobalSection
	GlobalSection(SolutionProperties) = preSolution
		HideSolutionNode = FALSE
	EndGlobalSection
	GlobalSection(ExtensibilityGlobals) = postSolution
		SolutionGuid = {3E29F71C-D725-41E0-BF2E-A3B3A7DEE008}
	EndGlobalSection
EndGlobal
